// !$*UTF8*$!
{
	archiveVersion = 1;
	classes = {
	};
	objectVersion = 55;
	objects = {

/* Begin PBXBuildFile section */
		8300611B27396876005827EA /* ReviewTableViewController.swift in Sources */ = {isa = PBXBuildFile; fileRef = 8300611A27396876005827EA /* ReviewTableViewController.swift */; };
		8300611D27398EAA005827EA /* Review.swift in Sources */ = {isa = PBXBuildFile; fileRef = 8300611C27398EAA005827EA /* Review.swift */; };
		8300611F273991B8005827EA /* Reviews.swift in Sources */ = {isa = PBXBuildFile; fileRef = 8300611E273991B8005827EA /* Reviews.swift */; };
		8300612127399DE1005827EA /* SpotReviewTableViewCell.swift in Sources */ = {isa = PBXBuildFile; fileRef = 8300612027399DE1005827EA /* SpotReviewTableViewCell.swift */; };
		8353893D272F795E0041A150 /* AppDelegate.swift in Sources */ = {isa = PBXBuildFile; fileRef = 8353893C272F795E0041A150 /* AppDelegate.swift */; };
		8353893F272F795E0041A150 /* SceneDelegate.swift in Sources */ = {isa = PBXBuildFile; fileRef = 8353893E272F795E0041A150 /* SceneDelegate.swift */; };
		83538941272F795E0041A150 /* LoginViewController.swift in Sources */ = {isa = PBXBuildFile; fileRef = 83538940272F795E0041A150 /* LoginViewController.swift */; };
		83538944272F795E0041A150 /* Main.storyboard in Resources */ = {isa = PBXBuildFile; fileRef = 83538942272F795E0041A150 /* Main.storyboard */; };
		83538946272F79650041A150 /* Assets.xcassets in Resources */ = {isa = PBXBuildFile; fileRef = 83538945272F79650041A150 /* Assets.xcassets */; };
		83538949272F79650041A150 /* LaunchScreen.storyboard in Resources */ = {isa = PBXBuildFile; fileRef = 83538947272F79650041A150 /* LaunchScreen.storyboard */; };
		83538951272F7CAC0041A150 /* GoogleService-Info.plist in Resources */ = {isa = PBXBuildFile; fileRef = 83538950272F7CAC0041A150 /* GoogleService-Info.plist */; };
		836E873A27301EE500EF1265 /* UIViewController+alert.swift in Sources */ = {isa = PBXBuildFile; fileRef = 836E873927301EE500EF1265 /* UIViewController+alert.swift */; };
		836E873C27304F0200EF1265 /* Spots.swift in Sources */ = {isa = PBXBuildFile; fileRef = 836E873B27304F0200EF1265 /* Spots.swift */; };
		836E873E2730590500EF1265 /* APIkeys.swift in Sources */ = {isa = PBXBuildFile; fileRef = 836E873D2730590500EF1265 /* APIkeys.swift */; };
		83842760274208F500A3302F /* UIView+addBoarder.swift in Sources */ = {isa = PBXBuildFile; fileRef = 8384275F274208F500A3302F /* UIView+addBoarder.swift */; };
		838427622742122C00A3302F /* UIBarButtonItem+hide.swift in Sources */ = {isa = PBXBuildFile; fileRef = 838427612742122C00A3302F /* UIBarButtonItem+hide.swift */; };
		83D80F63272F999200668B76 /* SpotListViewController.swift in Sources */ = {isa = PBXBuildFile; fileRef = 83D80F62272F999100668B76 /* SpotListViewController.swift */; };
		83D80F65272F9C3E00668B76 /* SpotTableViewCell.swift in Sources */ = {isa = PBXBuildFile; fileRef = 83D80F64272F9C3E00668B76 /* SpotTableViewCell.swift */; };
		83D80F67272FA08700668B76 /* SpotDetailViewController.swift in Sources */ = {isa = PBXBuildFile; fileRef = 83D80F66272FA08700668B76 /* SpotDetailViewController.swift */; };
		83D80F69272FB16800668B76 /* Spot.swift in Sources */ = {isa = PBXBuildFile; fileRef = 83D80F68272FB16800668B76 /* Spot.swift */; };
		E148217802B3A04A59470E25 /* Pods_Snacktacular1.framework in Frameworks */ = {isa = PBXBuildFile; fileRef = 65387F5EDB32AE794E9F7446 /* Pods_Snacktacular1.framework */; };
/* End PBXBuildFile section */

/* Begin PBXFileReference section */
		5CA5BC291537B84C56197021 /* Pods-Snacktacular1.release.xcconfig */ = {isa = PBXFileReference; includeInIndex = 1; lastKnownFileType = text.xcconfig; name = "Pods-Snacktacular1.release.xcconfig"; path = "Target Support Files/Pods-Snacktacular1/Pods-Snacktacular1.release.xcconfig"; sourceTree = "<group>"; };
		65387F5EDB32AE794E9F7446 /* Pods_Snacktacular1.framework */ = {isa = PBXFileReference; explicitFileType = wrapper.framework; includeInIndex = 0; path = Pods_Snacktacular1.framework; sourceTree = BUILT_PRODUCTS_DIR; };
		8300611A27396876005827EA /* ReviewTableViewController.swift */ = {isa = PBXFileReference; lastKnownFileType = sourcecode.swift; path = ReviewTableViewController.swift; sourceTree = "<group>"; };
		8300611C27398EAA005827EA /* Review.swift */ = {isa = PBXFileReference; lastKnownFileType = sourcecode.swift; path = Review.swift; sourceTree = "<group>"; };
		8300611E273991B8005827EA /* Reviews.swift */ = {isa = PBXFileReference; lastKnownFileType = sourcecode.swift; path = Reviews.swift; sourceTree = "<group>"; };
		8300612027399DE1005827EA /* SpotReviewTableViewCell.swift */ = {isa = PBXFileReference; lastKnownFileType = sourcecode.swift; path = SpotReviewTableViewCell.swift; sourceTree = "<group>"; };
		83538939272F795E0041A150 /* Snacktacular1.app */ = {isa = PBXFileReference; explicitFileType = wrapper.application; includeInIndex = 0; path = Snacktacular1.app; sourceTree = BUILT_PRODUCTS_DIR; };
		8353893C272F795E0041A150 /* AppDelegate.swift */ = {isa = PBXFileReference; lastKnownFileType = sourcecode.swift; path = AppDelegate.swift; sourceTree = "<group>"; };
		8353893E272F795E0041A150 /* SceneDelegate.swift */ = {isa = PBXFileReference; lastKnownFileType = sourcecode.swift; path = SceneDelegate.swift; sourceTree = "<group>"; };
		83538940272F795E0041A150 /* LoginViewController.swift */ = {isa = PBXFileReference; lastKnownFileType = sourcecode.swift; path = LoginViewController.swift; sourceTree = "<group>"; };
		83538943272F795E0041A150 /* Base */ = {isa = PBXFileReference; lastKnownFileType = file.storyboard; name = Base; path = Base.lproj/Main.storyboard; sourceTree = "<group>"; };
		83538945272F79650041A150 /* Assets.xcassets */ = {isa = PBXFileReference; lastKnownFileType = folder.assetcatalog; path = Assets.xcassets; sourceTree = "<group>"; };
		83538948272F79650041A150 /* Base */ = {isa = PBXFileReference; lastKnownFileType = file.storyboard; name = Base; path = Base.lproj/LaunchScreen.storyboard; sourceTree = "<group>"; };
		8353894A272F79650041A150 /* Info.plist */ = {isa = PBXFileReference; lastKnownFileType = text.plist.xml; path = Info.plist; sourceTree = "<group>"; };
		83538950272F7CAC0041A150 /* GoogleService-Info.plist */ = {isa = PBXFileReference; lastKnownFileType = text.plist; path = "GoogleService-Info.plist"; sourceTree = SOURCE_ROOT; };
		836E873927301EE500EF1265 /* UIViewController+alert.swift */ = {isa = PBXFileReference; fileEncoding = 4; lastKnownFileType = sourcecode.swift; path = "UIViewController+alert.swift"; sourceTree = "<group>"; };
		836E873B27304F0200EF1265 /* Spots.swift */ = {isa = PBXFileReference; lastKnownFileType = sourcecode.swift; path = Spots.swift; sourceTree = "<group>"; };
		836E873D2730590500EF1265 /* APIkeys.swift */ = {isa = PBXFileReference; lastKnownFileType = sourcecode.swift; path = APIkeys.swift; sourceTree = "<group>"; };
		8384275F274208F500A3302F /* UIView+addBoarder.swift */ = {isa = PBXFileReference; lastKnownFileType = sourcecode.swift; path = "UIView+addBoarder.swift"; sourceTree = "<group>"; };
		838427612742122C00A3302F /* UIBarButtonItem+hide.swift */ = {isa = PBXFileReference; lastKnownFileType = sourcecode.swift; path = "UIBarButtonItem+hide.swift"; sourceTree = "<group>"; };
		83D80F62272F999100668B76 /* SpotListViewController.swift */ = {isa = PBXFileReference; lastKnownFileType = sourcecode.swift; path = SpotListViewController.swift; sourceTree = "<group>"; };
		83D80F64272F9C3E00668B76 /* SpotTableViewCell.swift */ = {isa = PBXFileReference; lastKnownFileType = sourcecode.swift; path = SpotTableViewCell.swift; sourceTree = "<group>"; };
		83D80F66272FA08700668B76 /* SpotDetailViewController.swift */ = {isa = PBXFileReference; lastKnownFileType = sourcecode.swift; path = SpotDetailViewController.swift; sourceTree = "<group>"; };
		83D80F68272FB16800668B76 /* Spot.swift */ = {isa = PBXFileReference; lastKnownFileType = sourcecode.swift; path = Spot.swift; sourceTree = "<group>"; };
		92B1498AD370028F7173FE6E /* Pods-Snacktacular1.debug.xcconfig */ = {isa = PBXFileReference; includeInIndex = 1; lastKnownFileType = text.xcconfig; name = "Pods-Snacktacular1.debug.xcconfig"; path = "Target Support Files/Pods-Snacktacular1/Pods-Snacktacular1.debug.xcconfig"; sourceTree = "<group>"; };
/* End PBXFileReference section */

/* Begin PBXFrameworksBuildPhase section */
		83538936272F795E0041A150 /* Frameworks */ = {
			isa = PBXFrameworksBuildPhase;
			buildActionMask = 2147483647;
			files = (
				E148217802B3A04A59470E25 /* Pods_Snacktacular1.framework in Frameworks */,
			);
			runOnlyForDeploymentPostprocessing = 0;
		};
/* End PBXFrameworksBuildPhase section */

/* Begin PBXGroup section */
		69311BDF10F95936D2A6CBD9 /* Pods */ = {
			isa = PBXGroup;
			children = (
				92B1498AD370028F7173FE6E /* Pods-Snacktacular1.debug.xcconfig */,
				5CA5BC291537B84C56197021 /* Pods-Snacktacular1.release.xcconfig */,
			);
			path = Pods;
			sourceTree = "<group>";
		};
		83538930272F795E0041A150 = {
			isa = PBXGroup;
			children = (
				8353893B272F795E0041A150 /* Snacktacular1 */,
				8353893A272F795E0041A150 /* Products */,
				69311BDF10F95936D2A6CBD9 /* Pods */,
				9D2A522CFDF9F58E2BFBBA01 /* Frameworks */,
			);
			sourceTree = "<group>";
		};
		8353893A272F795E0041A150 /* Products */ = {
			isa = PBXGroup;
			children = (
				83538939272F795E0041A150 /* Snacktacular1.app */,
			);
			name = Products;
			sourceTree = "<group>";
		};
		8353893B272F795E0041A150 /* Snacktacular1 */ = {
			isa = PBXGroup;
			children = (
				8353893C272F795E0041A150 /* AppDelegate.swift */,
				8353893E272F795E0041A150 /* SceneDelegate.swift */,
				83D80F68272FB16800668B76 /* Spot.swift */,
				836E873B27304F0200EF1265 /* Spots.swift */,
				8300611C27398EAA005827EA /* Review.swift */,
				8300611E273991B8005827EA /* Reviews.swift */,
				83538940272F795E0041A150 /* LoginViewController.swift */,
				83D80F62272F999100668B76 /* SpotListViewController.swift */,
				83D80F64272F9C3E00668B76 /* SpotTableViewCell.swift */,
				83D80F66272FA08700668B76 /* SpotDetailViewController.swift */,
				8300612027399DE1005827EA /* SpotReviewTableViewCell.swift */,
				8300611A27396876005827EA /* ReviewTableViewController.swift */,
				836E873927301EE500EF1265 /* UIViewController+alert.swift */,
				8384275F274208F500A3302F /* UIView+addBoarder.swift */,
				838427612742122C00A3302F /* UIBarButtonItem+hide.swift */,
				836E873D2730590500EF1265 /* APIkeys.swift */,
				83538942272F795E0041A150 /* Main.storyboard */,
				83538945272F79650041A150 /* Assets.xcassets */,
				83538947272F79650041A150 /* LaunchScreen.storyboard */,
				8353894A272F79650041A150 /* Info.plist */,
				83538950272F7CAC0041A150 /* GoogleService-Info.plist */,
			);
			path = Snacktacular1;
			sourceTree = "<group>";
		};
		9D2A522CFDF9F58E2BFBBA01 /* Frameworks */ = {
			isa = PBXGroup;
			children = (
				65387F5EDB32AE794E9F7446 /* Pods_Snacktacular1.framework */,
			);
			name = Frameworks;
			sourceTree = "<group>";
		};
/* End PBXGroup section */

/* Begin PBXNativeTarget section */
		83538938272F795E0041A150 /* Snacktacular1 */ = {
			isa = PBXNativeTarget;
			buildConfigurationList = 8353894D272F79650041A150 /* Build configuration list for PBXNativeTarget "Snacktacular1" */;
			buildPhases = (
				CB3A061E81B74157F07F22BE /* [CP] Check Pods Manifest.lock */,
				83538935272F795E0041A150 /* Sources */,
				83538936272F795E0041A150 /* Frameworks */,
				83538937272F795E0041A150 /* Resources */,
				8A7E9215906C88429509CA58 /* [CP] Embed Pods Frameworks */,
				D96E342B596EDC893DE8AFB6 /* [CP] Copy Pods Resources */,
			);
			buildRules = (
			);
			dependencies = (
			);
			name = Snacktacular1;
			productName = Snacktacular1;
			productReference = 83538939272F795E0041A150 /* Snacktacular1.app */;
			productType = "com.apple.product-type.application";
		};
/* End PBXNativeTarget section */

/* Begin PBXProject section */
		83538931272F795E0041A150 /* Project object */ = {
			isa = PBXProject;
			attributes = {
				BuildIndependentTargetsInParallel = 1;
				LastSwiftUpdateCheck = 1310;
				LastUpgradeCheck = 1310;
				TargetAttributes = {
					83538938272F795E0041A150 = {
						CreatedOnToolsVersion = 13.1;
					};
				};
			};
			buildConfigurationList = 83538934272F795E0041A150 /* Build configuration list for PBXProject "Snacktacular1" */;
			compatibilityVersion = "Xcode 13.0";
			developmentRegion = en;
			hasScannedForEncodings = 0;
			knownRegions = (
				en,
				Base,
			);
			mainGroup = 83538930272F795E0041A150;
			productRefGroup = 8353893A272F795E0041A150 /* Products */;
			projectDirPath = "";
			projectRoot = "";
			targets = (
				83538938272F795E0041A150 /* Snacktacular1 */,
			);
		};
/* End PBXProject section */

/* Begin PBXResourcesBuildPhase section */
		83538937272F795E0041A150 /* Resources */ = {
			isa = PBXResourcesBuildPhase;
			buildActionMask = 2147483647;
			files = (
				83538949272F79650041A150 /* LaunchScreen.storyboard in Resources */,
				83538951272F7CAC0041A150 /* GoogleService-Info.plist in Resources */,
				83538946272F79650041A150 /* Assets.xcassets in Resources */,
				83538944272F795E0041A150 /* Main.storyboard in Resources */,
			);
			runOnlyForDeploymentPostprocessing = 0;
		};
/* End PBXResourcesBuildPhase section */

/* Begin PBXShellScriptBuildPhase section */
		8A7E9215906C88429509CA58 /* [CP] Embed Pods Frameworks */ = {
			isa = PBXShellScriptBuildPhase;
			buildActionMask = 2147483647;
			files = (
			);
			inputFileListPaths = (
				"${PODS_ROOT}/Target Support Files/Pods-Snacktacular1/Pods-Snacktacular1-frameworks-${CONFIGURATION}-input-files.xcfilelist",
			);
			name = "[CP] Embed Pods Frameworks";
			outputFileListPaths = (
				"${PODS_ROOT}/Target Support Files/Pods-Snacktacular1/Pods-Snacktacular1-frameworks-${CONFIGURATION}-output-files.xcfilelist",
			);
			runOnlyForDeploymentPostprocessing = 0;
			shellPath = /bin/sh;
			shellScript = "\"${PODS_ROOT}/Target Support Files/Pods-Snacktacular1/Pods-Snacktacular1-frameworks.sh\"\n";
			showEnvVarsInLog = 0;
		};
		CB3A061E81B74157F07F22BE /* [CP] Check Pods Manifest.lock */ = {
			isa = PBXShellScriptBuildPhase;
			buildActionMask = 2147483647;
			files = (
			);
			inputFileListPaths = (
			);
			inputPaths = (
				"${PODS_PODFILE_DIR_PATH}/Podfile.lock",
				"${PODS_ROOT}/Manifest.lock",
			);
			name = "[CP] Check Pods Manifest.lock";
			outputFileListPaths = (
			);
			outputPaths = (
				"$(DERIVED_FILE_DIR)/Pods-Snacktacular1-checkManifestLockResult.txt",
			);
			runOnlyForDeploymentPostprocessing = 0;
			shellPath = /bin/sh;
			shellScript = "diff \"${PODS_PODFILE_DIR_PATH}/Podfile.lock\" \"${PODS_ROOT}/Manifest.lock\" > /dev/null\nif [ $? != 0 ] ; then\n    # print error to STDERR\n    echo \"error: The sandbox is not in sync with the Podfile.lock. Run 'pod install' or update your CocoaPods installation.\" >&2\n    exit 1\nfi\n# This output is used by Xcode 'outputs' to avoid re-running this script phase.\necho \"SUCCESS\" > \"${SCRIPT_OUTPUT_FILE_0}\"\n";
			showEnvVarsInLog = 0;
		};
		D96E342B596EDC893DE8AFB6 /* [CP] Copy Pods Resources */ = {
			isa = PBXShellScriptBuildPhase;
			buildActionMask = 2147483647;
			files = (
			);
			inputFileListPaths = (
				"${PODS_ROOT}/Target Support Files/Pods-Snacktacular1/Pods-Snacktacular1-resources-${CONFIGURATION}-input-files.xcfilelist",
			);
			name = "[CP] Copy Pods Resources";
			outputFileListPaths = (
				"${PODS_ROOT}/Target Support Files/Pods-Snacktacular1/Pods-Snacktacular1-resources-${CONFIGURATION}-output-files.xcfilelist",
			);
			runOnlyForDeploymentPostprocessing = 0;
			shellPath = /bin/sh;
			shellScript = "\"${PODS_ROOT}/Target Support Files/Pods-Snacktacular1/Pods-Snacktacular1-resources.sh\"\n";
			showEnvVarsInLog = 0;
		};
/* End PBXShellScriptBuildPhase section */

/* Begin PBXSourcesBuildPhase section */
		83538935272F795E0041A150 /* Sources */ = {
			isa = PBXSourcesBuildPhase;
			buildActionMask = 2147483647;
			files = (
				8300611F273991B8005827EA /* Reviews.swift in Sources */,
				83D80F63272F999200668B76 /* SpotListViewController.swift in Sources */,
				83538941272F795E0041A150 /* LoginViewController.swift in Sources */,
				836E873E2730590500EF1265 /* APIkeys.swift in Sources */,
				83842760274208F500A3302F /* UIView+addBoarder.swift in Sources */,
				8353893D272F795E0041A150 /* AppDelegate.swift in Sources */,
				8300611B27396876005827EA /* ReviewTableViewController.swift in Sources */,
				8300611D27398EAA005827EA /* Review.swift in Sources */,
				838427622742122C00A3302F /* UIBarButtonItem+hide.swift in Sources */,
				83D80F67272FA08700668B76 /* SpotDetailViewController.swift in Sources */,
				836E873C27304F0200EF1265 /* Spots.swift in Sources */,
				8300612127399DE1005827EA /* SpotReviewTableViewCell.swift in Sources */,
				83D80F65272F9C3E00668B76 /* SpotTableViewCell.swift in Sources */,
				83D80F69272FB16800668B76 /* Spot.swift in Sources */,
				8353893F272F795E0041A150 /* SceneDelegate.swift in Sources */,
				836E873A27301EE500EF1265 /* UIViewController+alert.swift in Sources */,
			);
			runOnlyForDeploymentPostprocessing = 0;
		};
/* End PBXSourcesBuildPhase section */

/* Begin PBXVariantGroup section */
		83538942272F795E0041A150 /* Main.storyboard */ = {
			isa = PBXVariantGroup;
			children = (
				83538943272F795E0041A150 /* Base */,
			);
			name = Main.storyboard;
			sourceTree = "<group>";
		};
		83538947272F79650041A150 /* LaunchScreen.storyboard */ = {
			isa = PBXVariantGroup;
			children = (
				83538948272F79650041A150 /* Base */,
			);
			name = LaunchScreen.storyboard;
			sourceTree = "<group>";
		};
/* End PBXVariantGroup section */

/* Begin XCBuildConfiguration section */
		8353894B272F79650041A150 /* Debug */ = {
			isa = XCBuildConfiguration;
			buildSettings = {
				ALWAYS_SEARCH_USER_PATHS = NO;
				CLANG_ANALYZER_NONNULL = YES;
				CLANG_ANALYZER_NUMBER_OBJECT_CONVERSION = YES_AGGRESSIVE;
				CLANG_CXX_LANGUAGE_STANDARD = "gnu++17";
				CLANG_CXX_LIBRARY = "libc++";
				CLANG_ENABLE_MODULES = YES;
				CLANG_ENABLE_OBJC_ARC = YES;
				CLANG_ENABLE_OBJC_WEAK = YES;
				CLANG_WARN_BLOCK_CAPTURE_AUTORELEASING = YES;
				CLANG_WARN_BOOL_CONVERSION = YES;
				CLANG_WARN_COMMA = YES;
				CLANG_WARN_CONSTANT_CONVERSION = YES;
				CLANG_WARN_DEPRECATED_OBJC_IMPLEMENTATIONS = YES;
				CLANG_WARN_DIRECT_OBJC_ISA_USAGE = YES_ERROR;
				CLANG_WARN_DOCUMENTATION_COMMENTS = YES;
				CLANG_WARN_EMPTY_BODY = YES;
				CLANG_WARN_ENUM_CONVERSION = YES;
				CLANG_WARN_INFINITE_RECURSION = YES;
				CLANG_WARN_INT_CONVERSION = YES;
				CLANG_WARN_NON_LITERAL_NULL_CONVERSION = YES;
				CLANG_WARN_OBJC_IMPLICIT_RETAIN_SELF = YES;
				CLANG_WARN_OBJC_LITERAL_CONVERSION = YES;
				CLANG_WARN_OBJC_ROOT_CLASS = YES_ERROR;
				CLANG_WARN_QUOTED_INCLUDE_IN_FRAMEWORK_HEADER = YES;
				CLANG_WARN_RANGE_LOOP_ANALYSIS = YES;
				CLANG_WARN_STRICT_PROTOTYPES = YES;
				CLANG_WARN_SUSPICIOUS_MOVE = YES;
				CLANG_WARN_UNGUARDED_AVAILABILITY = YES_AGGRESSIVE;
				CLANG_WARN_UNREACHABLE_CODE = YES;
				CLANG_WARN__DUPLICATE_METHOD_MATCH = YES;
				COPY_PHASE_STRIP = NO;
				DEBUG_INFORMATION_FORMAT = dwarf;
				ENABLE_STRICT_OBJC_MSGSEND = YES;
				ENABLE_TESTABILITY = YES;
				GCC_C_LANGUAGE_STANDARD = gnu11;
				GCC_DYNAMIC_NO_PIC = NO;
				GCC_NO_COMMON_BLOCKS = YES;
				GCC_OPTIMIZATION_LEVEL = 0;
				GCC_PREPROCESSOR_DEFINITIONS = (
					"DEBUG=1",
					"$(inherited)",
				);
				GCC_WARN_64_TO_32_BIT_CONVERSION = YES;
				GCC_WARN_ABOUT_RETURN_TYPE = YES_ERROR;
				GCC_WARN_UNDECLARED_SELECTOR = YES;
				GCC_WARN_UNINITIALIZED_AUTOS = YES_AGGRESSIVE;
				GCC_WARN_UNUSED_FUNCTION = YES;
				GCC_WARN_UNUSED_VARIABLE = YES;
				IPHONEOS_DEPLOYMENT_TARGET = 15.0;
				MTL_ENABLE_DEBUG_INFO = INCLUDE_SOURCE;
				MTL_FAST_MATH = YES;
				ONLY_ACTIVE_ARCH = YES;
				SDKROOT = iphoneos;
				SWIFT_ACTIVE_COMPILATION_CONDITIONS = DEBUG;
				SWIFT_OPTIMIZATION_LEVEL = "-Onone";
			};
			name = Debug;
		};
		8353894C272F79650041A150 /* Release */ = {
			isa = XCBuildConfiguration;
			buildSettings = {
				ALWAYS_SEARCH_USER_PATHS = NO;
				CLANG_ANALYZER_NONNULL = YES;
				CLANG_ANALYZER_NUMBER_OBJECT_CONVERSION = YES_AGGRESSIVE;
				CLANG_CXX_LANGUAGE_STANDARD = "gnu++17";
				CLANG_CXX_LIBRARY = "libc++";
				CLANG_ENABLE_MODULES = YES;
				CLANG_ENABLE_OBJC_ARC = YES;
				CLANG_ENABLE_OBJC_WEAK = YES;
				CLANG_WARN_BLOCK_CAPTURE_AUTORELEASING = YES;
				CLANG_WARN_BOOL_CONVERSION = YES;
				CLANG_WARN_COMMA = YES;
				CLANG_WARN_CONSTANT_CONVERSION = YES;
				CLANG_WARN_DEPRECATED_OBJC_IMPLEMENTATIONS = YES;
				CLANG_WARN_DIRECT_OBJC_ISA_USAGE = YES_ERROR;
				CLANG_WARN_DOCUMENTATION_COMMENTS = YES;
				CLANG_WARN_EMPTY_BODY = YES;
				CLANG_WARN_ENUM_CONVERSION = YES;
				CLANG_WARN_INFINITE_RECURSION = YES;
				CLANG_WARN_INT_CONVERSION = YES;
				CLANG_WARN_NON_LITERAL_NULL_CONVERSION = YES;
				CLANG_WARN_OBJC_IMPLICIT_RETAIN_SELF = YES;
				CLANG_WARN_OBJC_LITERAL_CONVERSION = YES;
				CLANG_WARN_OBJC_ROOT_CLASS = YES_ERROR;
				CLANG_WARN_QUOTED_INCLUDE_IN_FRAMEWORK_HEADER = YES;
				CLANG_WARN_RANGE_LOOP_ANALYSIS = YES;
				CLANG_WARN_STRICT_PROTOTYPES = YES;
				CLANG_WARN_SUSPICIOUS_MOVE = YES;
				CLANG_WARN_UNGUARDED_AVAILABILITY = YES_AGGRESSIVE;
				CLANG_WARN_UNREACHABLE_CODE = YES;
				CLANG_WARN__DUPLICATE_METHOD_MATCH = YES;
				COPY_PHASE_STRIP = NO;
				DEBUG_INFORMATION_FORMAT = "dwarf-with-dsym";
				ENABLE_NS_ASSERTIONS = NO;
				ENABLE_STRICT_OBJC_MSGSEND = YES;
				GCC_C_LANGUAGE_STANDARD = gnu11;
				GCC_NO_COMMON_BLOCKS = YES;
				GCC_WARN_64_TO_32_BIT_CONVERSION = YES;
				GCC_WARN_ABOUT_RETURN_TYPE = YES_ERROR;
				GCC_WARN_UNDECLARED_SELECTOR = YES;
				GCC_WARN_UNINITIALIZED_AUTOS = YES_AGGRESSIVE;
				GCC_WARN_UNUSED_FUNCTION = YES;
				GCC_WARN_UNUSED_VARIABLE = YES;
				IPHONEOS_DEPLOYMENT_TARGET = 15.0;
				MTL_ENABLE_DEBUG_INFO = NO;
				MTL_FAST_MATH = YES;
				SDKROOT = iphoneos;
				SWIFT_COMPILATION_MODE = wholemodule;
				SWIFT_OPTIMIZATION_LEVEL = "-O";
				VALIDATE_PRODUCT = YES;
			};
			name = Release;
		};
		8353894E272F79650041A150 /* Debug */ = {
			isa = XCBuildConfiguration;
			baseConfigurationReference = 92B1498AD370028F7173FE6E /* Pods-Snacktacular1.debug.xcconfig */;
			buildSettings = {
				ASSETCATALOG_COMPILER_APPICON_NAME = AppIcon;
				ASSETCATALOG_COMPILER_GLOBAL_ACCENT_COLOR_NAME = AccentColor;
				CODE_SIGN_STYLE = Automatic;
				CURRENT_PROJECT_VERSION = 1;
				DEVELOPMENT_TEAM = 83H8VDP927;
				GENERATE_INFOPLIST_FILE = YES;
				INFOPLIST_FILE = Snacktacular1/Info.plist;
				INFOPLIST_KEY_UIApplicationSupportsIndirectInputEvents = YES;
				INFOPLIST_KEY_UILaunchStoryboardName = LaunchScreen;
				INFOPLIST_KEY_UIMainStoryboardFile = Main;
				INFOPLIST_KEY_UISupportedInterfaceOrientations_iPad = "UIInterfaceOrientationPortrait UIInterfaceOrientationPortraitUpsideDown UIInterfaceOrientationLandscapeLeft UIInterfaceOrientationLandscapeRight";
				INFOPLIST_KEY_UISupportedInterfaceOrientations_iPhone = "UIInterfaceOrientationPortrait UIInterfaceOrientationLandscapeLeft UIInterfaceOrientationLandscapeRight";
				LD_RUNPATH_SEARCH_PATHS = (
					"$(inherited)",
					"@executable_path/Frameworks",
				);
				MARKETING_VERSION = 1.0;
				PRODUCT_BUNDLE_IDENTIFIER = com.bostoncollege.chrisrea.Snacktacular1;
				PRODUCT_NAME = "$(TARGET_NAME)";
				SWIFT_EMIT_LOC_STRINGS = YES;
				SWIFT_VERSION = 5.0;
				TARGETED_DEVICE_FAMILY = "1,2";
			};
			name = Debug;
		};
		8353894F272F79650041A150 /* Release */ = {
			isa = XCBuildConfiguration;
			baseConfigurationReference = 5CA5BC291537B84C56197021 /* Pods-Snacktacular1.release.xcconfig */;
			buildSettings = {
				ASSETCATALOG_COMPILER_APPICON_NAME = AppIcon;
				ASSETCATALOG_COMPILER_GLOBAL_ACCENT_COLOR_NAME = AccentColor;
				CODE_SIGN_STYLE = Automatic;
				CURRENT_PROJECT_VERSION = 1;
				DEVELOPMENT_TEAM = 83H8VDP927;
				GENERATE_INFOPLIST_FILE = YES;
				INFOPLIST_FILE = Snacktacular1/Info.plist;
				INFOPLIST_KEY_UIApplicationSupportsIndirectInputEvents = YES;
				INFOPLIST_KEY_UILaunchStoryboardName = LaunchScreen;
				INFOPLIST_KEY_UIMainStoryboardFile = Main;
				INFOPLIST_KEY_UISupportedInterfaceOrientations_iPad = "UIInterfaceOrientationPortrait UIInterfaceOrientationPortraitUpsideDown UIInterfaceOrientationLandscapeLeft UIInterfaceOrientationLandscapeRight";
				INFOPLIST_KEY_UISupportedInterfaceOrientations_iPhone = "UIInterfaceOrientationPortrait UIInterfaceOrientationLandscapeLeft UIInterfaceOrientationLandscapeRight";
				LD_RUNPATH_SEARCH_PATHS = (
					"$(inherited)",
					"@executable_path/Frameworks",
				);
				MARKETING_VERSION = 1.0;
				PRODUCT_BUNDLE_IDENTIFIER = com.bostoncollege.chrisrea.Snacktacular1;
				PRODUCT_NAME = "$(TARGET_NAME)";
				SWIFT_EMIT_LOC_STRINGS = YES;
				SWIFT_VERSION = 5.0;
				TARGETED_DEVICE_FAMILY = "1,2";
			};
			name = Release;
		};
/* End XCBuildConfiguration section */

/* Begin XCConfigurationList section */
		83538934272F795E0041A150 /* Build configuration list for PBXProject "Snacktacular1" */ = {
			isa = XCConfigurationList;
			buildConfigurations = (
				8353894B272F79650041A150 /* Debug */,
				8353894C272F79650041A150 /* Release */,
			);
			defaultConfigurationIsVisible = 0;
			defaultConfigurationName = Release;
		};
		8353894D272F79650041A150 /* Build configuration list for PBXNativeTarget "Snacktacular1" */ = {
			isa = XCConfigurationList;
			buildConfigurations = (
				8353894E272F79650041A150 /* Debug */,
				8353894F272F79650041A150 /* Release */,
			);
			defaultConfigurationIsVisible = 0;
			defaultConfigurationName = Release;
		};
/* End XCConfigurationList section */
	};
	rootObject = 83538931272F795E0041A150 /* Project object */;
}
